{
  "name": "unitium",
  "version": "0.6.0",
  "lockfileVersion": 2,
  "requires": true,
  "packages": {
    "": {
      "name": "unitium",
      "version": "0.6.0",
      "license": "MIT",
      "dependencies": {
        "deferium": "^0.1.1"
      },
      "bin": {
        "unitium": "distribution/node/index.js",
        "unitium-ts-node": "distribution/node/exec-ts-node.js",
        "unitium-tsx": "distribution/node/exec-tsx.js"
      },
      "devDependencies": {
        "@types/node": "^22.18.0",
        "typescript": "^5.8.0"
      },
      "engines": {
        "node": ">=22.18"
      }
    },
    "node_modules/@types/node": {
      "version": "22.19.19",
      "resolved": "https://registry.npmjs.org/@types/node/-/node-22.19.19.tgz",
      "integrity": "sha512-dyh/xO2Fh5bYrfWaaqGrRQQGkNdmYw6AmaAUvYeUMNTWQtvb796ikLdmTchRmOlOiIJ1TDXfWgVx1QkUlQ6Hew==",
      "dev": true,
      "license": "MIT",
      "dependencies": {
        "undici-types": "~6.21.0"
      }
    },
    "node_modules/deferium": {
      "version": "0.1.1",
      "resolved": "https://registry.npmjs.org/deferium/-/deferium-0.1.1.tgz",
      "integrity": "sha512-nx1hmOlPQibX+X6bmuqOIqtL0VQNJY0ez8jDc7qCdtmeHCwImYEZkczFwkZ4IdoH0dHTMh9w5Bv45beNwdAk0A==",
      "dependencies": {
        "fusium-js": "^0.0.13"
      }
    },
    "node_modules/fusium-js": {
      "version": "0.0.13",
      "resolved": "https://registry.npmjs.org/fusium-js/-/fusium-js-0.0.13.tgz",
      "integrity": "sha512-addA/J3/zShnuvdFqjqZORpgwlgEiMMdMrhLlsTi4PZrrUcAFp4cm/sNCli272QRFrx/yw+4axZecwIFX8G50w=="
    },
    "node_modules/typescript": {
      "version": "5.9.3",
      "resolved": "https://registry.npmjs.org/typescript/-/typescript-5.9.3.tgz",
      "integrity": "sha512-jl1vZzPDinLr9eUt3J/t7V6FgNEw9QjvBPdysz9KfQDD41fQrC2Y4vKQdiaUpFT4bXlb1RHhLpp8wtm6M5TgSw==",
      "dev": true,
      "license": "Apache-2.0",
      "bin": {
        "tsc": "bin/tsc",
        "tsserver": "bin/tsserver"
      },
      "engines": {
        "node": ">=14.17"
      }
    },
    "node_modules/undici-types": {
      "version": "6.21.0",
      "resolved": "https://registry.npmjs.org/undici-types/-/undici-types-6.21.0.tgz",
      "integrity": "sha512-iwDZqg0QAGrg9Rav5H4n0M64c3mkR59cJ6wQp+7C4nI0gsmExaedaYLNO44eT4AtBBwjbTiGPMlt2Md0T9H9JQ==",
      "dev": true,
      "license": "MIT"
    }
  },
  "dependencies": {
    "@types/node": {
      "version": "22.19.19",
      "resolved": "https://registry.npmjs.org/@types/node/-/node-22.19.19.tgz",
      "integrity": "sha512-dyh/xO2Fh5bYrfWaaqGrRQQGkNdmYw6AmaAUvYeUMNTWQtvb796ikLdmTchRmOlOiIJ1TDXfWgVx1QkUlQ6Hew==",
      "dev": true,
      "requires": {
        "undici-types": "~6.21.0"
      }
    },
    "deferium": {
      "version": "0.1.1",
      "resolved": "https://registry.npmjs.org/deferium/-/deferium-0.1.1.tgz",
      "integrity": "sha512-nx1hmOlPQibX+X6bmuqOIqtL0VQNJY0ez8jDc7qCdtmeHCwImYEZkczFwkZ4IdoH0dHTMh9w5Bv45beNwdAk0A==",
      "requires": {
        "fusium-js": "^0.0.13"
      }
    },
    "fusium-js": {
      "version": "0.0.13",
      "resolved": "https://registry.npmjs.org/fusium-js/-/fusium-js-0.0.13.tgz",
      "integrity": "sha512-addA/J3/zShnuvdFqjqZORpgwlgEiMMdMrhLlsTi4PZrrUcAFp4cm/sNCli272QRFrx/yw+4axZecwIFX8G50w=="
    },
    "typescript": {
      "version": "5.9.3",
      "resolved": "https://registry.npmjs.org/typescript/-/typescript-5.9.3.tgz",
      "integrity": "sha512-jl1vZzPDinLr9eUt3J/t7V6FgNEw9QjvBPdysz9KfQDD41fQrC2Y4vKQdiaUpFT4bXlb1RHhLpp8wtm6M5TgSw==",
      "dev": true
    },
    "undici-types": {
      "version": "6.21.0",
      "resolved": "https://registry.npmjs.org/undici-types/-/undici-types-6.21.0.tgz",
      "integrity": "sha512-iwDZqg0QAGrg9Rav5H4n0M64c3mkR59cJ6wQp+7C4nI0gsmExaedaYLNO44eT4AtBBwjbTiGPMlt2Md0T9H9JQ==",
      "dev": true
    }
  }
}
